schema: '2.0'
stages:
  data_ingestion:
    cmd: python src/data_ingestion/data_ingestion.py
    deps:
    - path: src/data_ingestion/data_ingestion.py
      hash: md5
      md5: de212121ebe7eb8611616e4da64b62a8
      size: 4014
    outs:
    - path: data/raw/customer.csv
      hash: md5
      md5: 0ab4f6a48212479cab028aab00f8f03a
      size: 69195
    - path: data/raw/transactions.csv
      hash: md5
      md5: ea47655218d8ff8d85eb601a3e7fc196
      size: 657801
  profile_agent:
    cmd: python src/agents/profile_agent.py
    deps:
    - path: data/raw/customer.csv
      hash: md5
      md5: 0ab4f6a48212479cab028aab00f8f03a
      size: 69195
    - path: data/raw/transactions.csv
      hash: md5
      md5: ea47655218d8ff8d85eb601a3e7fc196
      size: 657801
    - path: src/agents/profile_agent.py
      hash: md5
      md5: 7fb05ef8eb6c6c1746c867270d56f5f5
      size: 2875
    outs:
    - path: data/processed/profile/customer_profiles.csv
      hash: md5
      md5: d302247c21a9f9369dd8a63d8a40f6b0
      size: 139036
  goal_agent:
    cmd: python src/agents/goal_agent.py
    deps:
    - path: data/processed/profile/customer_profiles.csv
      hash: md5
      md5: d302247c21a9f9369dd8a63d8a40f6b0
      size: 139036
    - path: src/agents/goal_agent.py
      hash: md5
      md5: db479119c66d0108e8522ab4f899b43c
      size: 5485
    outs:
    - path: data/processed/profile/customer_profiles-with-goals.csv
      hash: md5
      md5: 87895db567211314bf92ddbdef44bac4
      size: 311853
  risk_agent:
    cmd: python src/agents/risk_agent.py
    deps:
    - path: data/processed/profile/customer_profiles-with-goals.csv
      hash: md5
      md5: 87895db567211314bf92ddbdef44bac4
      size: 311853
    - path: src/agents/risk_agent.py
      hash: md5
      md5: 73a63e3e8cf5f3da3890cf46ddc5a0f2
      size: 1946
    outs:
    - path: data/customer_profile/customer_profiles.csv
      hash: md5
      md5: 9df1b17328e7cfaf652067385a5d3918
      size: 322274
  recommender:
    cmd: python src/agents/recommender.py
    deps:
    - path: data/customer_profile/customer_profiles.csv
      hash: md5
      md5: 9df1b17328e7cfaf652067385a5d3918
      size: 322274
    - path: src/agents/recommender.py
      hash: md5
      md5: 6a6969f4fe0059c5d914f2793f655ce6
      size: 3788
    outs:
    - path: data/recommendation/profile-recommended.csv
      hash: md5
      md5: 138a1d8b1ce60b81adb15b99688f1fa7
      size: 704343
